
Microsoft Visual Studio Solution File, Format Version 12.00
# Visual Studio Version 17
VisualStudioVersion = 17.8.34004.107
MinimumVisualStudioVersion = 10.0.40219.1
Project("{FAE04EC0-301F-11D3-BF4B-00C04F79EFBC}") = "BlazorApp8", "BlazorApp8.csproj", "{293F11CD-67C2-4EFC-9B02-9979B6FB40C0}"
EndProject
Global
	GlobalSection(SolutionConfigurationPlatforms) = preSolution
		Debug|Any CPU = Debug|Any CPU
		Release|Any CPU = Release|Any CPU
	EndGlobalSection
	GlobalSection(ProjectConfigurationPlatforms) = postSolution
		{293F11CD-67C2-4EFC-9B02-9979B6FB40C0}.Debug|Any CPU.ActiveCfg = Debug|Any CPU
		{293F11CD-67C2-4EFC-9B02-9979B6FB40C0}.Debug|Any CPU.Build.0 = Debug|Any CPU
		{293F11CD-67C2-4EFC-9B02-9979B6FB40C0}.Release|Any CPU.ActiveCfg = Release|Any CPU
		{293F11CD-67C2-4EFC-9B02-9979B6FB40C0}.Release|Any CPU.Build.0 = Release|Any CPU
	EndGlobalSection
	GlobalSection(SolutionProperties) = preSolution
		HideSolutionNode = FALSE
	EndGlobalSection
	GlobalSection(ExtensibilityGlobals) = postSolution
		SolutionGuid = {DE76D61B-BA4D-49E2-BE3C-3C8533DA027F}
	EndGlobalSection
EndGlobal
